
Microsoft Visual Studio Solution File, Format Version 12.00
# Visual Studio Version 17
VisualStudioVersion = 17.10.35027.167
MinimumVisualStudioVersion = 10.0.40219.1
Project("{FAE04EC0-301F-11D3-BF4B-00C04F79EFBC}") = "CityWiseCustomers", "CityWiseCustomers\CityWiseCustomers.csproj", "{29F19EB9-C386-465C-81B6-3337BDD4BC24}"
EndProject
Global
	GlobalSection(SolutionConfigurationPlatforms) = preSolution
		Debug|Any CPU = Debug|Any CPU
		Release|Any CPU = Release|Any CPU
	EndGlobalSection
	GlobalSection(ProjectConfigurationPlatforms) = postSolution
		{29F19EB9-C386-465C-81B6-3337BDD4BC24}.Debug|Any CPU.ActiveCfg = Debug|Any CPU
		{29F19EB9-C386-465C-81B6-3337BDD4BC24}.Debug|Any CPU.Build.0 = Debug|Any CPU
		{29F19EB9-C386-465C-81B6-3337BDD4BC24}.Release|Any CPU.ActiveCfg = Release|Any CPU
		{29F19EB9-C386-465C-81B6-3337BDD4BC24}.Release|Any CPU.Build.0 = Release|Any CPU
	EndGlobalSection
	GlobalSection(SolutionProperties) = preSolution
		HideSolutionNode = FALSE
	EndGlobalSection
	GlobalSection(ExtensibilityGlobals) = postSolution
		SolutionGuid = {5BF9339F-3387-48B1-8207-647B111F70C9}
	EndGlobalSection
EndGlobal
