
Microsoft Visual Studio Solution File, Format Version 12.00
# Visual Studio Version 17
VisualStudioVersion = 17.10.35027.167
MinimumVisualStudioVersion = 10.0.40219.1
Project("{FAE04EC0-301F-11D3-BF4B-00C04F79EFBC}") = "PaymentTest", "PaymentTest\PaymentTest.csproj", "{0B46C5F0-0AFE-44A1-A2A3-82E6E132E480}"
EndProject
Global
	GlobalSection(SolutionConfigurationPlatforms) = preSolution
		Debug|Any CPU = Debug|Any CPU
		Release|Any CPU = Release|Any CPU
	EndGlobalSection
	GlobalSection(ProjectConfigurationPlatforms) = postSolution
		{0B46C5F0-0AFE-44A1-A2A3-82E6E132E480}.Debug|Any CPU.ActiveCfg = Debug|Any CPU
		{0B46C5F0-0AFE-44A1-A2A3-82E6E132E480}.Debug|Any CPU.Build.0 = Debug|Any CPU
		{0B46C5F0-0AFE-44A1-A2A3-82E6E132E480}.Release|Any CPU.ActiveCfg = Release|Any CPU
		{0B46C5F0-0AFE-44A1-A2A3-82E6E132E480}.Release|Any CPU.Build.0 = Release|Any CPU
	EndGlobalSection
	GlobalSection(SolutionProperties) = preSolution
		HideSolutionNode = FALSE
	EndGlobalSection
	GlobalSection(ExtensibilityGlobals) = postSolution
		SolutionGuid = {51EF7275-F71A-4B0C-92B3-3845A6168A4E}
	EndGlobalSection
EndGlobal
