
Microsoft Visual Studio Solution File, Format Version 12.00
# Visual Studio Version 17
VisualStudioVersion = 17.10.35027.167
MinimumVisualStudioVersion = 10.0.40219.1
Project("{FAE04EC0-301F-11D3-BF4B-00C04F79EFBC}") = "Bosch.Sales.UI", "Bosch.Sales.UI\Bosch.Sales.UI.csproj", "{ED619B69-375C-4F30-9166-AF596FB92D47}"
EndProject
Project("{FAE04EC0-301F-11D3-BF4B-00C04F79EFBC}") = "Bosch.Sales.Calculation", "Bosch.Sales.Calculation\Bosch.Sales.Calculation.csproj", "{A7F1B18C-1D50-4660-8F18-CA8B820DAF04}"
EndProject
Project("{FAE04EC0-301F-11D3-BF4B-00C04F79EFBC}") = "AnotherClassLibrary", "AnotherClassLibrary\AnotherClassLibrary.csproj", "{EDE6742E-E583-42C8-9AC1-BCCB359D9021}"
EndProject
Global
	GlobalSection(SolutionConfigurationPlatforms) = preSolution
		Debug|Any CPU = Debug|Any CPU
		Release|Any CPU = Release|Any CPU
	EndGlobalSection
	GlobalSection(ProjectConfigurationPlatforms) = postSolution
		{ED619B69-375C-4F30-9166-AF596FB92D47}.Debug|Any CPU.ActiveCfg = Debug|Any CPU
		{ED619B69-375C-4F30-9166-AF596FB92D47}.Debug|Any CPU.Build.0 = Debug|Any CPU
		{ED619B69-375C-4F30-9166-AF596FB92D47}.Release|Any CPU.ActiveCfg = Release|Any CPU
		{ED619B69-375C-4F30-9166-AF596FB92D47}.Release|Any CPU.Build.0 = Release|Any CPU
		{A7F1B18C-1D50-4660-8F18-CA8B820DAF04}.Debug|Any CPU.ActiveCfg = Debug|Any CPU
		{A7F1B18C-1D50-4660-8F18-CA8B820DAF04}.Debug|Any CPU.Build.0 = Debug|Any CPU
		{A7F1B18C-1D50-4660-8F18-CA8B820DAF04}.Release|Any CPU.ActiveCfg = Release|Any CPU
		{A7F1B18C-1D50-4660-8F18-CA8B820DAF04}.Release|Any CPU.Build.0 = Release|Any CPU
		{EDE6742E-E583-42C8-9AC1-BCCB359D9021}.Debug|Any CPU.ActiveCfg = Debug|Any CPU
		{EDE6742E-E583-42C8-9AC1-BCCB359D9021}.Debug|Any CPU.Build.0 = Debug|Any CPU
		{EDE6742E-E583-42C8-9AC1-BCCB359D9021}.Release|Any CPU.ActiveCfg = Release|Any CPU
		{EDE6742E-E583-42C8-9AC1-BCCB359D9021}.Release|Any CPU.Build.0 = Release|Any CPU
	EndGlobalSection
	GlobalSection(SolutionProperties) = preSolution
		HideSolutionNode = FALSE
	EndGlobalSection
	GlobalSection(ExtensibilityGlobals) = postSolution
		SolutionGuid = {66C4EA9A-905E-4D93-8577-368A8D4732E5}
	EndGlobalSection
EndGlobal
