
Microsoft Visual Studio Solution File, Format Version 12.00
# Visual Studio Version 17
VisualStudioVersion = 17.10.35027.167
MinimumVisualStudioVersion = 10.0.40219.1
Project("{9A19103F-16F7-4668-BE54-9A1E7A4F7556}") = "ArrayExamples", "ArrayExamples\ArrayExamples.csproj", "{C7271DC0-BFEA-4404-AAB8-CE2A5EAE1131}"
EndProject
Project("{9A19103F-16F7-4668-BE54-9A1E7A4F7556}") = "NonGenericCollectionExample", "NonGenericCollectionExample\NonGenericCollectionExample.csproj", "{B80E9932-BF6F-4093-9879-9ABF01FBF4C8}"
EndProject
Project("{9A19103F-16F7-4668-BE54-9A1E7A4F7556}") = "CollectionAssignment", "CollectionAssignment\CollectionAssignment.csproj", "{85A04D43-936A-4228-857A-C3FA54FECF93}"
EndProject
Project("{FAE04EC0-301F-11D3-BF4B-00C04F79EFBC}") = "LINQExample", "LINQExample\LINQExample.csproj", "{49D07F2D-6DF0-49F4-83AF-1A8CCA266876}"
EndProject
Global
	GlobalSection(SolutionConfigurationPlatforms) = preSolution
		Debug|Any CPU = Debug|Any CPU
		Release|Any CPU = Release|Any CPU
	EndGlobalSection
	GlobalSection(ProjectConfigurationPlatforms) = postSolution
		{C7271DC0-BFEA-4404-AAB8-CE2A5EAE1131}.Debug|Any CPU.ActiveCfg = Debug|Any CPU
		{C7271DC0-BFEA-4404-AAB8-CE2A5EAE1131}.Debug|Any CPU.Build.0 = Debug|Any CPU
		{C7271DC0-BFEA-4404-AAB8-CE2A5EAE1131}.Release|Any CPU.ActiveCfg = Release|Any CPU
		{C7271DC0-BFEA-4404-AAB8-CE2A5EAE1131}.Release|Any CPU.Build.0 = Release|Any CPU
		{B80E9932-BF6F-4093-9879-9ABF01FBF4C8}.Debug|Any CPU.ActiveCfg = Debug|Any CPU
		{B80E9932-BF6F-4093-9879-9ABF01FBF4C8}.Debug|Any CPU.Build.0 = Debug|Any CPU
		{B80E9932-BF6F-4093-9879-9ABF01FBF4C8}.Release|Any CPU.ActiveCfg = Release|Any CPU
		{B80E9932-BF6F-4093-9879-9ABF01FBF4C8}.Release|Any CPU.Build.0 = Release|Any CPU
		{85A04D43-936A-4228-857A-C3FA54FECF93}.Debug|Any CPU.ActiveCfg = Debug|Any CPU
		{85A04D43-936A-4228-857A-C3FA54FECF93}.Debug|Any CPU.Build.0 = Debug|Any CPU
		{85A04D43-936A-4228-857A-C3FA54FECF93}.Release|Any CPU.ActiveCfg = Release|Any CPU
		{85A04D43-936A-4228-857A-C3FA54FECF93}.Release|Any CPU.Build.0 = Release|Any CPU
		{49D07F2D-6DF0-49F4-83AF-1A8CCA266876}.Debug|Any CPU.ActiveCfg = Debug|Any CPU
		{49D07F2D-6DF0-49F4-83AF-1A8CCA266876}.Debug|Any CPU.Build.0 = Debug|Any CPU
		{49D07F2D-6DF0-49F4-83AF-1A8CCA266876}.Release|Any CPU.ActiveCfg = Release|Any CPU
		{49D07F2D-6DF0-49F4-83AF-1A8CCA266876}.Release|Any CPU.Build.0 = Release|Any CPU
	EndGlobalSection
	GlobalSection(SolutionProperties) = preSolution
		HideSolutionNode = FALSE
	EndGlobalSection
	GlobalSection(ExtensibilityGlobals) = postSolution
		SolutionGuid = {25934A09-BA46-45D6-AA3E-0F15EB875D0D}
	EndGlobalSection
EndGlobal
